
Microsoft Visual Studio Solution File, Format Version 12.00
# Visual Studio Version 17
VisualStudioVersion = 17.2.32630.192
MinimumVisualStudioVersion = 10.0.40219.1
Project("{2150E333-8FDC-42A3-9474-1A3956D46DE8}") = "Tests", "Tests", "{D38C2888-CDF6-42BC-899B-74D6AECC80F5}"
EndProject
Project("{9A19103F-16F7-4668-BE54-9A1E7A4F7556}") = "OrgChartTests", "src\Tests\OrgChartTests\OrgChartTests.csproj", "{32FB4686-38AD-485F-B651-CC197EA1ADA6}"
EndProject
Project("{2150E333-8FDC-42A3-9474-1A3956D46DE8}") = "App", "App", "{92F8A5CD-B7A6-4DF0-971E-7BCCD85D7155}"
EndProject
Project("{9A19103F-16F7-4668-BE54-9A1E7A4F7556}") = "OrgChart", "src\App\OrgChart\OrgChart.csproj", "{5EF998F0-1786-4E70-8858-65BABFD9B483}"
EndProject
Project("{FAE04EC0-301F-11D3-BF4B-00C04F79EFBC}") = "Repo", "src\App\Repo\Repo.csproj", "{D8179F28-C43E-43D3-A98A-6CDAE5A2DD3B}"
EndProject
Global
	GlobalSection(SolutionConfigurationPlatforms) = preSolution
		Debug|Any CPU = Debug|Any CPU
		Release|Any CPU = Release|Any CPU
	EndGlobalSection
	GlobalSection(ProjectConfigurationPlatforms) = postSolution
		{32FB4686-38AD-485F-B651-CC197EA1ADA6}.Debug|Any CPU.ActiveCfg = Debug|Any CPU
		{32FB4686-38AD-485F-B651-CC197EA1ADA6}.Debug|Any CPU.Build.0 = Debug|Any CPU
		{32FB4686-38AD-485F-B651-CC197EA1ADA6}.Release|Any CPU.ActiveCfg = Release|Any CPU
		{32FB4686-38AD-485F-B651-CC197EA1ADA6}.Release|Any CPU.Build.0 = Release|Any CPU
		{5EF998F0-1786-4E70-8858-65BABFD9B483}.Debug|Any CPU.ActiveCfg = Debug|Any CPU
		{5EF998F0-1786-4E70-8858-65BABFD9B483}.Debug|Any CPU.Build.0 = Debug|Any CPU
		{5EF998F0-1786-4E70-8858-65BABFD9B483}.Release|Any CPU.ActiveCfg = Release|Any CPU
		{5EF998F0-1786-4E70-8858-65BABFD9B483}.Release|Any CPU.Build.0 = Release|Any CPU
		{D8179F28-C43E-43D3-A98A-6CDAE5A2DD3B}.Debug|Any CPU.ActiveCfg = Debug|Any CPU
		{D8179F28-C43E-43D3-A98A-6CDAE5A2DD3B}.Debug|Any CPU.Build.0 = Debug|Any CPU
		{D8179F28-C43E-43D3-A98A-6CDAE5A2DD3B}.Release|Any CPU.ActiveCfg = Release|Any CPU
		{D8179F28-C43E-43D3-A98A-6CDAE5A2DD3B}.Release|Any CPU.Build.0 = Release|Any CPU
	EndGlobalSection
	GlobalSection(SolutionProperties) = preSolution
		HideSolutionNode = FALSE
	EndGlobalSection
	GlobalSection(NestedProjects) = preSolution
		{32FB4686-38AD-485F-B651-CC197EA1ADA6} = {D38C2888-CDF6-42BC-899B-74D6AECC80F5}
		{5EF998F0-1786-4E70-8858-65BABFD9B483} = {92F8A5CD-B7A6-4DF0-971E-7BCCD85D7155}
		{D8179F28-C43E-43D3-A98A-6CDAE5A2DD3B} = {92F8A5CD-B7A6-4DF0-971E-7BCCD85D7155}
	EndGlobalSection
	GlobalSection(ExtensibilityGlobals) = postSolution
		SolutionGuid = {6B94909F-9F19-4BB5-9FCF-4035ACDDA5C4}
	EndGlobalSection
EndGlobal
